{
  "version": 4,
  "terraform_version": "1.0.0",
  "serial": 886,
  "lineage": "41db91fc-0af0-7959-a352-ff465832bbc2",
  "outputs": {
    "container_internal_port": {
      "value": [
        [
          1880
        ],
        [
          1880
        ],
        [
          1880
        ],
        [
          1880
        ]
      ],
      "type": [
        "tuple",
        [
          [
            "list",
            "number"
          ],
          [
            "list",
            "number"
          ],
          [
            "list",
            "number"
          ],
          [
            "list",
            "number"
          ]
        ]
      ],
      "sensitive": true
    },
    "container_name": {
      "value": [
        "nodeRED-1qc8u",
        "nodeRED-ra7z7",
        "nodeRED-ejcid",
        "nodeRED-t9qbd"
      ],
      "type": [
        "tuple",
        [
          "string",
          "string",
          "string",
          "string"
        ]
      ],
      "sensitive": true
    },
    "container_socket": {
      "value": [
        "172.17.0.4:1880",
        "172.17.0.5:1881",
        "172.17.0.2:1882",
        "172.17.0.3:1883"
      ],
      "type": [
        "tuple",
        [
          "string",
          "string",
          "string",
          "string"
        ]
      ],
      "sensitive": true
    }
  },
  "resources": [
    {
      "mode": "managed",
      "type": "docker_container",
      "name": "ddd_nodeRED_container_1",
      "provider": "provider[\"registry.terraform.io/kreuzwerker/docker\"]",
      "instances": [
        {
          "index_key": 0,
          "schema_version": 2,
          "attributes": {
            "attach": false,
            "bridge": "",
            "capabilities": [],
            "command": [],
            "container_logs": null,
            "cpu_set": "",
            "cpu_shares": 0,
            "destroy_grace_seconds": null,
            "devices": [],
            "dns": [],
            "dns_opts": [],
            "dns_search": [],
            "domainname": "",
            "entrypoint": [
              "npm",
              "--no-update-notifier",
              "--no-fund",
              "start",
              "--cache",
              "/data/.npm",
              "--",
              "--userDir",
              "/data"
            ],
            "env": [],
            "exit_code": null,
            "gateway": "172.17.0.1",
            "group_add": [],
            "healthcheck": [
              {
                "interval": "0s",
                "retries": 0,
                "start_period": "0s",
                "test": [
                  "CMD-SHELL",
                  "node /healthcheck.js"
                ],
                "timeout": "0s"
              }
            ],
            "host": [],
            "hostname": "dd22613e9c63",
            "id": "dd22613e9c6377f7aac69b0ef323eb8b1d0ca21d622c72c20c9e72bb9ada9608",
            "image": "sha256:7c6d73bed103c0effc947c0f50a9614fdfa912f5a74376dd0d65fb08a4f235b6",
            "init": false,
            "ip_address": "172.17.0.4",
            "ip_prefix_length": 16,
            "ipc_mode": "private",
            "labels": [],
            "links": [],
            "log_driver": "json-file",
            "log_opts": {},
            "logs": false,
            "max_retry_count": 0,
            "memory": 0,
            "memory_swap": 0,
            "mounts": [],
            "must_run": true,
            "name": "nodeRED-1qc8u",
            "network_alias": null,
            "network_data": [
              {
                "gateway": "172.17.0.1",
                "global_ipv6_address": "",
                "global_ipv6_prefix_length": 0,
                "ip_address": "172.17.0.4",
                "ip_prefix_length": 16,
                "ipv6_gateway": "",
                "network_name": "bridge"
              }
            ],
            "network_mode": "default",
            "networks": null,
            "networks_advanced": [],
            "pid_mode": "",
            "ports": [
              {
                "external": 1880,
                "internal": 1880,
                "ip": "0.0.0.0",
                "protocol": "tcp"
              }
            ],
            "privileged": false,
            "publish_all_ports": false,
            "read_only": false,
            "remove_volumes": true,
            "restart": "no",
            "rm": false,
            "security_opts": [],
            "shm_size": 64,
            "start": true,
            "stdin_open": false,
            "sysctls": {},
            "tmpfs": {},
            "tty": false,
            "ulimit": [],
            "upload": [],
            "user": "node-red",
            "userns_mode": "",
            "volumes": [
              {
                "container_path": "/data",
                "from_container": "",
                "host_path": "/home/pupp/Documents/Development/git/github_repositories/development/project_files/my_project/dire-dire-docker/Docker/volumes",
                "read_only": false,
                "volume_name": ""
              }
            ],
            "working_dir": "/usr/src/node-red"
          },
          "sensitive_attributes": [
            [
              {
                "type": "get_attr",
                "value": "ports"
              },
              {
                "type": "index",
                "value": {
                  "value": 0,
                  "type": "number"
                }
              },
              {
                "type": "get_attr",
                "value": "internal"
              }
            ]
          ],
          "private": "eyJzY2hlbWFfdmVyc2lvbiI6IjIifQ==",
          "dependencies": [
            "docker_image.nodered_image_base",
            "random_string.random_container_name"
          ]
        },
        {
          "index_key": 1,
          "schema_version": 2,
          "attributes": {
            "attach": false,
            "bridge": "",
            "capabilities": [],
            "command": [],
            "container_logs": null,
            "cpu_set": "",
            "cpu_shares": 0,
            "destroy_grace_seconds": null,
            "devices": [],
            "dns": [],
            "dns_opts": [],
            "dns_search": [],
            "domainname": "",
            "entrypoint": [
              "npm",
              "--no-update-notifier",
              "--no-fund",
              "start",
              "--cache",
              "/data/.npm",
              "--",
              "--userDir",
              "/data"
            ],
            "env": [],
            "exit_code": null,
            "gateway": "172.17.0.1",
            "group_add": [],
            "healthcheck": [
              {
                "interval": "0s",
                "retries": 0,
                "start_period": "0s",
                "test": [
                  "CMD-SHELL",
                  "node /healthcheck.js"
                ],
                "timeout": "0s"
              }
            ],
            "host": [],
            "hostname": "ed2f38d1ec2a",
            "id": "ed2f38d1ec2a9a2d4b0e589ab961e543b1eb1830dedd5ccfd252ead73e942819",
            "image": "sha256:7c6d73bed103c0effc947c0f50a9614fdfa912f5a74376dd0d65fb08a4f235b6",
            "init": false,
            "ip_address": "172.17.0.5",
            "ip_prefix_length": 16,
            "ipc_mode": "private",
            "labels": [],
            "links": [],
            "log_driver": "json-file",
            "log_opts": {},
            "logs": false,
            "max_retry_count": 0,
            "memory": 0,
            "memory_swap": 0,
            "mounts": [],
            "must_run": true,
            "name": "nodeRED-ra7z7",
            "network_alias": null,
            "network_data": [
              {
                "gateway": "172.17.0.1",
                "global_ipv6_address": "",
                "global_ipv6_prefix_length": 0,
                "ip_address": "172.17.0.5",
                "ip_prefix_length": 16,
                "ipv6_gateway": "",
                "network_name": "bridge"
              }
            ],
            "network_mode": "default",
            "networks": null,
            "networks_advanced": [],
            "pid_mode": "",
            "ports": [
              {
                "external": 1881,
                "internal": 1880,
                "ip": "0.0.0.0",
                "protocol": "tcp"
              }
            ],
            "privileged": false,
            "publish_all_ports": false,
            "read_only": false,
            "remove_volumes": true,
            "restart": "no",
            "rm": false,
            "security_opts": [],
            "shm_size": 64,
            "start": true,
            "stdin_open": false,
            "sysctls": {},
            "tmpfs": {},
            "tty": false,
            "ulimit": [],
            "upload": [],
            "user": "node-red",
            "userns_mode": "",
            "volumes": [
              {
                "container_path": "/data",
                "from_container": "",
                "host_path": "/home/pupp/Documents/Development/git/github_repositories/development/project_files/my_project/dire-dire-docker/Docker/volumes",
                "read_only": false,
                "volume_name": ""
              }
            ],
            "working_dir": "/usr/src/node-red"
          },
          "sensitive_attributes": [
            [
              {
                "type": "get_attr",
                "value": "ports"
              },
              {
                "type": "index",
                "value": {
                  "value": 0,
                  "type": "number"
                }
              },
              {
                "type": "get_attr",
                "value": "internal"
              }
            ]
          ],
          "private": "eyJzY2hlbWFfdmVyc2lvbiI6IjIifQ==",
          "dependencies": [
            "docker_image.nodered_image_base",
            "random_string.random_container_name"
          ]
        },
        {
          "index_key": 2,
          "schema_version": 2,
          "attributes": {
            "attach": false,
            "bridge": "",
            "capabilities": [],
            "command": [],
            "container_logs": null,
            "cpu_set": "",
            "cpu_shares": 0,
            "destroy_grace_seconds": null,
            "devices": [],
            "dns": [],
            "dns_opts": [],
            "dns_search": [],
            "domainname": "",
            "entrypoint": [
              "npm",
              "--no-update-notifier",
              "--no-fund",
              "start",
              "--cache",
              "/data/.npm",
              "--",
              "--userDir",
              "/data"
            ],
            "env": [],
            "exit_code": null,
            "gateway": "172.17.0.1",
            "group_add": [],
            "healthcheck": [
              {
                "interval": "0s",
                "retries": 0,
                "start_period": "0s",
                "test": [
                  "CMD-SHELL",
                  "node /healthcheck.js"
                ],
                "timeout": "0s"
              }
            ],
            "host": [],
            "hostname": "f3988008d96e",
            "id": "f3988008d96ea9727471755913fa782bcf4d6fd458ed6be6360a99b4a6e2defc",
            "image": "sha256:7c6d73bed103c0effc947c0f50a9614fdfa912f5a74376dd0d65fb08a4f235b6",
            "init": false,
            "ip_address": "172.17.0.2",
            "ip_prefix_length": 16,
            "ipc_mode": "private",
            "labels": [],
            "links": [],
            "log_driver": "json-file",
            "log_opts": {},
            "logs": false,
            "max_retry_count": 0,
            "memory": 0,
            "memory_swap": 0,
            "mounts": [],
            "must_run": true,
            "name": "nodeRED-ejcid",
            "network_alias": null,
            "network_data": [
              {
                "gateway": "172.17.0.1",
                "global_ipv6_address": "",
                "global_ipv6_prefix_length": 0,
                "ip_address": "172.17.0.2",
                "ip_prefix_length": 16,
                "ipv6_gateway": "",
                "network_name": "bridge"
              }
            ],
            "network_mode": "default",
            "networks": null,
            "networks_advanced": [],
            "pid_mode": "",
            "ports": [
              {
                "external": 1882,
                "internal": 1880,
                "ip": "0.0.0.0",
                "protocol": "tcp"
              }
            ],
            "privileged": false,
            "publish_all_ports": false,
            "read_only": false,
            "remove_volumes": true,
            "restart": "no",
            "rm": false,
            "security_opts": [],
            "shm_size": 64,
            "start": true,
            "stdin_open": false,
            "sysctls": {},
            "tmpfs": {},
            "tty": false,
            "ulimit": [],
            "upload": [],
            "user": "node-red",
            "userns_mode": "",
            "volumes": [
              {
                "container_path": "/data",
                "from_container": "",
                "host_path": "/home/pupp/Documents/Development/git/github_repositories/development/project_files/my_project/dire-dire-docker/Docker/volumes",
                "read_only": false,
                "volume_name": ""
              }
            ],
            "working_dir": "/usr/src/node-red"
          },
          "sensitive_attributes": [
            [
              {
                "type": "get_attr",
                "value": "ports"
              },
              {
                "type": "index",
                "value": {
                  "value": 0,
                  "type": "number"
                }
              },
              {
                "type": "get_attr",
                "value": "internal"
              }
            ]
          ],
          "private": "eyJzY2hlbWFfdmVyc2lvbiI6IjIifQ==",
          "dependencies": [
            "docker_image.nodered_image_base",
            "random_string.random_container_name"
          ]
        },
        {
          "index_key": 3,
          "schema_version": 2,
          "attributes": {
            "attach": false,
            "bridge": "",
            "capabilities": [],
            "command": [],
            "container_logs": null,
            "cpu_set": "",
            "cpu_shares": 0,
            "destroy_grace_seconds": null,
            "devices": [],
            "dns": [],
            "dns_opts": [],
            "dns_search": [],
            "domainname": "",
            "entrypoint": [
              "npm",
              "--no-update-notifier",
              "--no-fund",
              "start",
              "--cache",
              "/data/.npm",
              "--",
              "--userDir",
              "/data"
            ],
            "env": [],
            "exit_code": null,
            "gateway": "172.17.0.1",
            "group_add": [],
            "healthcheck": [
              {
                "interval": "0s",
                "retries": 0,
                "start_period": "0s",
                "test": [
                  "CMD-SHELL",
                  "node /healthcheck.js"
                ],
                "timeout": "0s"
              }
            ],
            "host": [],
            "hostname": "7f468d18694c",
            "id": "7f468d18694c192adc0daa4bfaaf1a7d715cd7b23ea0cd6b52c17cb682b967d1",
            "image": "sha256:7c6d73bed103c0effc947c0f50a9614fdfa912f5a74376dd0d65fb08a4f235b6",
            "init": false,
            "ip_address": "172.17.0.3",
            "ip_prefix_length": 16,
            "ipc_mode": "private",
            "labels": [],
            "links": [],
            "log_driver": "json-file",
            "log_opts": {},
            "logs": false,
            "max_retry_count": 0,
            "memory": 0,
            "memory_swap": 0,
            "mounts": [],
            "must_run": true,
            "name": "nodeRED-t9qbd",
            "network_alias": null,
            "network_data": [
              {
                "gateway": "172.17.0.1",
                "global_ipv6_address": "",
                "global_ipv6_prefix_length": 0,
                "ip_address": "172.17.0.3",
                "ip_prefix_length": 16,
                "ipv6_gateway": "",
                "network_name": "bridge"
              }
            ],
            "network_mode": "default",
            "networks": null,
            "networks_advanced": [],
            "pid_mode": "",
            "ports": [
              {
                "external": 1883,
                "internal": 1880,
                "ip": "0.0.0.0",
                "protocol": "tcp"
              }
            ],
            "privileged": false,
            "publish_all_ports": false,
            "read_only": false,
            "remove_volumes": true,
            "restart": "no",
            "rm": false,
            "security_opts": [],
            "shm_size": 64,
            "start": true,
            "stdin_open": false,
            "sysctls": {},
            "tmpfs": {},
            "tty": false,
            "ulimit": [],
            "upload": [],
            "user": "node-red",
            "userns_mode": "",
            "volumes": [
              {
                "container_path": "/data",
                "from_container": "",
                "host_path": "/home/pupp/Documents/Development/git/github_repositories/development/project_files/my_project/dire-dire-docker/Docker/volumes",
                "read_only": false,
                "volume_name": ""
              }
            ],
            "working_dir": "/usr/src/node-red"
          },
          "sensitive_attributes": [
            [
              {
                "type": "get_attr",
                "value": "ports"
              },
              {
                "type": "index",
                "value": {
                  "value": 0,
                  "type": "number"
                }
              },
              {
                "type": "get_attr",
                "value": "internal"
              }
            ]
          ],
          "private": "eyJzY2hlbWFfdmVyc2lvbiI6IjIifQ==",
          "dependencies": [
            "docker_image.nodered_image_base",
            "random_string.random_container_name"
          ]
        }
      ]
    },
    {
      "mode": "managed",
      "type": "docker_image",
      "name": "nodered_image_base",
      "provider": "provider[\"registry.terraform.io/kreuzwerker/docker\"]",
      "instances": [
        {
          "schema_version": 0,
          "attributes": {
            "build": [],
            "force_remove": null,
            "id": "sha256:7c6d73bed103c0effc947c0f50a9614fdfa912f5a74376dd0d65fb08a4f235b6nodered/node-red:latest",
            "keep_locally": null,
            "latest": "sha256:7c6d73bed103c0effc947c0f50a9614fdfa912f5a74376dd0d65fb08a4f235b6",
            "name": "nodered/node-red:latest",
            "output": null,
            "pull_trigger": null,
            "pull_triggers": null
          },
          "sensitive_attributes": [],
          "private": "bnVsbA=="
        }
      ]
    },
    {
      "mode": "managed",
      "type": "null_resource",
      "name": "create_docker_volume_1",
      "provider": "provider[\"registry.terraform.io/hashicorp/null\"]",
      "instances": [
        {
          "schema_version": 0,
          "attributes": {
            "id": "9094133089988450834",
            "triggers": null
          },
          "sensitive_attributes": [],
          "private": "bnVsbA=="
        }
      ]
    },
    {
      "mode": "managed",
      "type": "random_string",
      "name": "random_container_name",
      "provider": "provider[\"registry.terraform.io/hashicorp/random\"]",
      "instances": [
        {
          "index_key": 0,
          "schema_version": 1,
          "attributes": {
            "id": "1qc8u",
            "keepers": null,
            "length": 5,
            "lower": true,
            "min_lower": 0,
            "min_numeric": 0,
            "min_special": 0,
            "min_upper": 0,
            "number": true,
            "override_special": null,
            "result": "1qc8u",
            "special": false,
            "upper": false
          },
          "sensitive_attributes": [
            [
              {
                "type": "get_attr",
                "value": "length"
              }
            ]
          ],
          "private": "eyJzY2hlbWFfdmVyc2lvbiI6IjEifQ=="
        },
        {
          "index_key": 1,
          "schema_version": 1,
          "attributes": {
            "id": "ra7z7",
            "keepers": null,
            "length": 5,
            "lower": true,
            "min_lower": 0,
            "min_numeric": 0,
            "min_special": 0,
            "min_upper": 0,
            "number": true,
            "override_special": null,
            "result": "ra7z7",
            "special": false,
            "upper": false
          },
          "sensitive_attributes": [
            [
              {
                "type": "get_attr",
                "value": "length"
              }
            ]
          ],
          "private": "eyJzY2hlbWFfdmVyc2lvbiI6IjEifQ=="
        },
        {
          "index_key": 2,
          "schema_version": 1,
          "attributes": {
            "id": "ejcid",
            "keepers": null,
            "length": 5,
            "lower": true,
            "min_lower": 0,
            "min_numeric": 0,
            "min_special": 0,
            "min_upper": 0,
            "number": true,
            "override_special": null,
            "result": "ejcid",
            "special": false,
            "upper": false
          },
          "sensitive_attributes": [
            [
              {
                "type": "get_attr",
                "value": "length"
              }
            ]
          ],
          "private": "eyJzY2hlbWFfdmVyc2lvbiI6IjEifQ=="
        },
        {
          "index_key": 3,
          "schema_version": 1,
          "attributes": {
            "id": "t9qbd",
            "keepers": null,
            "length": 5,
            "lower": true,
            "min_lower": 0,
            "min_numeric": 0,
            "min_special": 0,
            "min_upper": 0,
            "number": true,
            "override_special": null,
            "result": "t9qbd",
            "special": false,
            "upper": false
          },
          "sensitive_attributes": [
            [
              {
                "type": "get_attr",
                "value": "length"
              }
            ]
          ],
          "private": "eyJzY2hlbWFfdmVyc2lvbiI6IjEifQ=="
        }
      ]
    }
  ]
}
